
Microsoft Visual Studio Solution File, Format Version 12.00
# Visual Studio Version 17
VisualStudioVersion = 17.1.32228.430
MinimumVisualStudioVersion = 10.0.40219.1
Project("{2150E333-8FDC-42A3-9474-1A3956D46DE8}") = "Solution Items", "Solution Items", "{AFD7C239-78C9-4EF4-9581-0A0062B7B0F7}"
	ProjectSection(SolutionItems) = preProject
		.dockerignore = .dockerignore
		.editorconfig = .editorconfig
		.gitignore = .gitignore
		Dockerfile = Dockerfile
		LICENSE.md = LICENSE.md
		README.md = README.md
	EndProjectSection
EndProject
Project("{2150E333-8FDC-42A3-9474-1A3956D46DE8}") = "Source", "Source", "{7AB9EAF9-C90B-4F8D-A9DA-06E0BE175DB4}"
EndProject
Project("{2150E333-8FDC-42A3-9474-1A3956D46DE8}") = "Tests", "Tests", "{3E906166-5EEB-4033-ADB7-54D7A71B7338}"
EndProject
Project("{9A19103F-16F7-4668-BE54-9A1E7A4F7556}") = "R.Systems.Lexica.Core", "R.Systems.Lexica.Core\R.Systems.Lexica.Core.csproj", "{5C040565-9CE1-4396-9EB0-618B821846D0}"
EndProject
Project("{9A19103F-16F7-4668-BE54-9A1E7A4F7556}") = "R.Systems.Lexica.WebApi", "R.Systems.Lexica.WebApi\R.Systems.Lexica.WebApi.csproj", "{D5F926D2-C426-479C-A46B-B082D0F9B7F2}"
EndProject
Project("{9A19103F-16F7-4668-BE54-9A1E7A4F7556}") = "R.Systems.Lexica.FunctionalTests", "R.Systems.Lexica.FunctionalTests\R.Systems.Lexica.FunctionalTests.csproj", "{F64FAC43-38D8-4AB0-B84E-7F31083D832B}"
EndProject
Project("{9A19103F-16F7-4668-BE54-9A1E7A4F7556}") = "R.Systems.Lexica.Persistence.Files", "R.Systems.Lexica.Persistence.Files\R.Systems.Lexica.Persistence.Files.csproj", "{DFF06DB9-A8D2-438C-9528-4B34B0C2CCAC}"
EndProject
Global
	GlobalSection(SolutionConfigurationPlatforms) = preSolution
		Debug|Any CPU = Debug|Any CPU
		Release|Any CPU = Release|Any CPU
	EndGlobalSection
	GlobalSection(ProjectConfigurationPlatforms) = postSolution
		{5C040565-9CE1-4396-9EB0-618B821846D0}.Debug|Any CPU.ActiveCfg = Debug|Any CPU
		{5C040565-9CE1-4396-9EB0-618B821846D0}.Debug|Any CPU.Build.0 = Debug|Any CPU
		{5C040565-9CE1-4396-9EB0-618B821846D0}.Release|Any CPU.ActiveCfg = Release|Any CPU
		{5C040565-9CE1-4396-9EB0-618B821846D0}.Release|Any CPU.Build.0 = Release|Any CPU
		{D5F926D2-C426-479C-A46B-B082D0F9B7F2}.Debug|Any CPU.ActiveCfg = Debug|Any CPU
		{D5F926D2-C426-479C-A46B-B082D0F9B7F2}.Debug|Any CPU.Build.0 = Debug|Any CPU
		{D5F926D2-C426-479C-A46B-B082D0F9B7F2}.Release|Any CPU.ActiveCfg = Release|Any CPU
		{D5F926D2-C426-479C-A46B-B082D0F9B7F2}.Release|Any CPU.Build.0 = Release|Any CPU
		{F64FAC43-38D8-4AB0-B84E-7F31083D832B}.Debug|Any CPU.ActiveCfg = Debug|Any CPU
		{F64FAC43-38D8-4AB0-B84E-7F31083D832B}.Debug|Any CPU.Build.0 = Debug|Any CPU
		{F64FAC43-38D8-4AB0-B84E-7F31083D832B}.Release|Any CPU.ActiveCfg = Release|Any CPU
		{F64FAC43-38D8-4AB0-B84E-7F31083D832B}.Release|Any CPU.Build.0 = Release|Any CPU
		{DFF06DB9-A8D2-438C-9528-4B34B0C2CCAC}.Debug|Any CPU.ActiveCfg = Debug|Any CPU
		{DFF06DB9-A8D2-438C-9528-4B34B0C2CCAC}.Debug|Any CPU.Build.0 = Debug|Any CPU
		{DFF06DB9-A8D2-438C-9528-4B34B0C2CCAC}.Release|Any CPU.ActiveCfg = Release|Any CPU
		{DFF06DB9-A8D2-438C-9528-4B34B0C2CCAC}.Release|Any CPU.Build.0 = Release|Any CPU
	EndGlobalSection
	GlobalSection(SolutionProperties) = preSolution
		HideSolutionNode = FALSE
	EndGlobalSection
	GlobalSection(NestedProjects) = preSolution
		{5C040565-9CE1-4396-9EB0-618B821846D0} = {7AB9EAF9-C90B-4F8D-A9DA-06E0BE175DB4}
		{D5F926D2-C426-479C-A46B-B082D0F9B7F2} = {7AB9EAF9-C90B-4F8D-A9DA-06E0BE175DB4}
		{F64FAC43-38D8-4AB0-B84E-7F31083D832B} = {3E906166-5EEB-4033-ADB7-54D7A71B7338}
		{DFF06DB9-A8D2-438C-9528-4B34B0C2CCAC} = {7AB9EAF9-C90B-4F8D-A9DA-06E0BE175DB4}
	EndGlobalSection
	GlobalSection(ExtensibilityGlobals) = postSolution
		SolutionGuid = {2E1DCDE4-60A1-468B-A940-3285EFD762A9}
	EndGlobalSection
EndGlobal
